
Microsoft Visual Studio Solution File, Format Version 12.00
# Visual Studio Version 17
VisualStudioVersion = 17.12.35707.178
MinimumVisualStudioVersion = 10.0.40219.1
Project("{FAE04EC0-301F-11D3-BF4B-00C04F79EFBC}") = "CityManager", "plugins\CityManager\CityManager.csproj", "{BABA4B25-B66F-41B6-930C-DF68CB217F2E}"
EndProject
Project("{2150E333-8FDC-42A3-9474-1A3956D46DE8}") = "Plugins", "Plugins", "{95E29EAD-3858-43A5-9ADC-4C4B3302F99B}"
EndProject
Project("{FAE04EC0-301F-11D3-BF4B-00C04F79EFBC}") = "CityBuddies", "plugins\CityBuddies\CityBuddies.csproj", "{FA82DD5A-388B-420A-B565-0675B72D1CD4}"
EndProject
Project("{FAE04EC0-301F-11D3-BF4B-00C04F79EFBC}") = "CityFlipper", "plugins\CityFlipper\CityFlipper.csproj", "{C6C6016D-3571-4FF1-80BE-2E6428EDFEB4}"
EndProject
Project("{2150E333-8FDC-42A3-9474-1A3956D46DE8}") = "Executables", "Executables", "{02EA681E-C7D8-13C7-8484-4AC65E1B71E8}"
EndProject
Project("{FAE04EC0-301F-11D3-BF4B-00C04F79EFBC}") = "Buddies", "..\..\Users\admin\source\repos\citydwellers\executables\Buddies\Buddies.csproj", "{62DB44B0-3E0D-4B96-80A1-91A77D9A427E}"
EndProject
Project("{FAE04EC0-301F-11D3-BF4B-00C04F79EFBC}") = "Flipper", "..\..\Users\admin\source\repos\citydwellers\executables\Flipper\Flipper.csproj", "{0D4088B8-B32E-4B9E-8B10-091FDBE25924}"
EndProject
Project("{FAE04EC0-301F-11D3-BF4B-00C04F79EFBC}") = "Manager", "..\..\Users\admin\source\repos\citydwellers\executables\Manager\Manager.csproj", "{32B47588-DCE4-4DB9-91B6-C24FB466A49C}"
EndProject
Global
	GlobalSection(SolutionConfigurationPlatforms) = preSolution
		Debug|Any CPU = Debug|Any CPU
		Release|Any CPU = Release|Any CPU
	EndGlobalSection
	GlobalSection(ProjectConfigurationPlatforms) = postSolution
		{BABA4B25-B66F-41B6-930C-DF68CB217F2E}.Debug|Any CPU.ActiveCfg = Debug|Any CPU
		{BABA4B25-B66F-41B6-930C-DF68CB217F2E}.Debug|Any CPU.Build.0 = Debug|Any CPU
		{BABA4B25-B66F-41B6-930C-DF68CB217F2E}.Release|Any CPU.ActiveCfg = Release|Any CPU
		{BABA4B25-B66F-41B6-930C-DF68CB217F2E}.Release|Any CPU.Build.0 = Release|Any CPU
		{FA82DD5A-388B-420A-B565-0675B72D1CD4}.Debug|Any CPU.ActiveCfg = Debug|Any CPU
		{FA82DD5A-388B-420A-B565-0675B72D1CD4}.Debug|Any CPU.Build.0 = Debug|Any CPU
		{FA82DD5A-388B-420A-B565-0675B72D1CD4}.Release|Any CPU.ActiveCfg = Release|Any CPU
		{FA82DD5A-388B-420A-B565-0675B72D1CD4}.Release|Any CPU.Build.0 = Release|Any CPU
		{C6C6016D-3571-4FF1-80BE-2E6428EDFEB4}.Debug|Any CPU.ActiveCfg = Debug|Any CPU
		{C6C6016D-3571-4FF1-80BE-2E6428EDFEB4}.Debug|Any CPU.Build.0 = Debug|Any CPU
		{C6C6016D-3571-4FF1-80BE-2E6428EDFEB4}.Release|Any CPU.ActiveCfg = Release|Any CPU
		{C6C6016D-3571-4FF1-80BE-2E6428EDFEB4}.Release|Any CPU.Build.0 = Release|Any CPU
		{62DB44B0-3E0D-4B96-80A1-91A77D9A427E}.Debug|Any CPU.ActiveCfg = Debug|Any CPU
		{62DB44B0-3E0D-4B96-80A1-91A77D9A427E}.Debug|Any CPU.Build.0 = Debug|Any CPU
		{62DB44B0-3E0D-4B96-80A1-91A77D9A427E}.Release|Any CPU.ActiveCfg = Release|Any CPU
		{62DB44B0-3E0D-4B96-80A1-91A77D9A427E}.Release|Any CPU.Build.0 = Release|Any CPU
		{0D4088B8-B32E-4B9E-8B10-091FDBE25924}.Debug|Any CPU.ActiveCfg = Debug|Any CPU
		{0D4088B8-B32E-4B9E-8B10-091FDBE25924}.Debug|Any CPU.Build.0 = Debug|Any CPU
		{0D4088B8-B32E-4B9E-8B10-091FDBE25924}.Release|Any CPU.ActiveCfg = Release|Any CPU
		{0D4088B8-B32E-4B9E-8B10-091FDBE25924}.Release|Any CPU.Build.0 = Release|Any CPU
		{32B47588-DCE4-4DB9-91B6-C24FB466A49C}.Debug|Any CPU.ActiveCfg = Debug|Any CPU
		{32B47588-DCE4-4DB9-91B6-C24FB466A49C}.Debug|Any CPU.Build.0 = Debug|Any CPU
		{32B47588-DCE4-4DB9-91B6-C24FB466A49C}.Release|Any CPU.ActiveCfg = Release|Any CPU
		{32B47588-DCE4-4DB9-91B6-C24FB466A49C}.Release|Any CPU.Build.0 = Release|Any CPU
	EndGlobalSection
	GlobalSection(SolutionProperties) = preSolution
		HideSolutionNode = FALSE
	EndGlobalSection
	GlobalSection(NestedProjects) = preSolution
		{BABA4B25-B66F-41B6-930C-DF68CB217F2E} = {95E29EAD-3858-43A5-9ADC-4C4B3302F99B}
		{FA82DD5A-388B-420A-B565-0675B72D1CD4} = {95E29EAD-3858-43A5-9ADC-4C4B3302F99B}
		{C6C6016D-3571-4FF1-80BE-2E6428EDFEB4} = {95E29EAD-3858-43A5-9ADC-4C4B3302F99B}
		{62DB44B0-3E0D-4B96-80A1-91A77D9A427E} = {02EA681E-C7D8-13C7-8484-4AC65E1B71E8}
		{0D4088B8-B32E-4B9E-8B10-091FDBE25924} = {02EA681E-C7D8-13C7-8484-4AC65E1B71E8}
		{32B47588-DCE4-4DB9-91B6-C24FB466A49C} = {02EA681E-C7D8-13C7-8484-4AC65E1B71E8}
	EndGlobalSection
	GlobalSection(ExtensibilityGlobals) = postSolution
		SolutionGuid = {A501FB96-5E9B-44D8-90BB-F5CC567B7E7B}
	EndGlobalSection
EndGlobal
